
Microsoft Visual Studio Solution File, Format Version 12.00
# Visual Studio 15
VisualStudioVersion = 15.0.27130.2036
MinimumVisualStudioVersion = 10.0.40219.1
Project("{FAE04EC0-301F-11D3-BF4B-00C04F79EFBC}") = "CalculatorMVP", "CalculatorMVP\CalculatorMVP.csproj", "{3C961C77-FDF9-464C-B984-9BC248AD6564}"
EndProject
Global
	GlobalSection(SolutionConfigurationPlatforms) = preSolution
		Debug|Any CPU = Debug|Any CPU
		Release|Any CPU = Release|Any CPU
	EndGlobalSection
	GlobalSection(ProjectConfigurationPlatforms) = postSolution
		{3C961C77-FDF9-464C-B984-9BC248AD6564}.Debug|Any CPU.ActiveCfg = Debug|Any CPU
		{3C961C77-FDF9-464C-B984-9BC248AD6564}.Debug|Any CPU.Build.0 = Debug|Any CPU
		{3C961C77-FDF9-464C-B984-9BC248AD6564}.Release|Any CPU.ActiveCfg = Release|Any CPU
		{3C961C77-FDF9-464C-B984-9BC248AD6564}.Release|Any CPU.Build.0 = Release|Any CPU
	EndGlobalSection
	GlobalSection(SolutionProperties) = preSolution
		HideSolutionNode = FALSE
	EndGlobalSection
	GlobalSection(ExtensibilityGlobals) = postSolution
		SolutionGuid = {CD524E55-FAF2-4BEF-A315-BDD8C178C1C4}
	EndGlobalSection
EndGlobal
